
Microsoft Visual Studio Solution File, Format Version 12.00
# Visual Studio Version 16
VisualStudioVersion = 16.0.30804.86
MinimumVisualStudioVersion = 10.0.40219.1
Project("{9A19103F-16F7-4668-BE54-9A1E7A4F7556}") = "EATools.LogDNA.NLog", "EATools.LogDNA.NLog.csproj", "{713F30CC-968B-4837-AB37-A4B6F485539D}"
EndProject
Global
	GlobalSection(SolutionConfigurationPlatforms) = preSolution
		Debug|Any CPU = Debug|Any CPU
		Release|Any CPU = Release|Any CPU
	EndGlobalSection
	GlobalSection(ProjectConfigurationPlatforms) = postSolution
		{713F30CC-968B-4837-AB37-A4B6F485539D}.Debug|Any CPU.ActiveCfg = Debug|Any CPU
		{713F30CC-968B-4837-AB37-A4B6F485539D}.Debug|Any CPU.Build.0 = Debug|Any CPU
		{713F30CC-968B-4837-AB37-A4B6F485539D}.Release|Any CPU.ActiveCfg = Release|Any CPU
		{713F30CC-968B-4837-AB37-A4B6F485539D}.Release|Any CPU.Build.0 = Release|Any CPU
	EndGlobalSection
	GlobalSection(SolutionProperties) = preSolution
		HideSolutionNode = FALSE
	EndGlobalSection
	GlobalSection(ExtensibilityGlobals) = postSolution
		SolutionGuid = {55BD1B54-C186-4DFB-AE41-291CE6AFA1C6}
	EndGlobalSection
EndGlobal
